# This file was autogenerated by Stack.
# You should not edit this file by hand.
# For more information, please see the documentation at:
#   https://docs.haskellstack.org/en/stable/lock_files

packages: []
snapshots:
- completed:
    sha256: ebaa18adbaf473a3b45437007d3c2d81d1cb5e4eee48a952bd49150e3544f1f3
    size: 608839
    url: https://raw.githubusercontent.com/commercialhaskell/stackage-snapshots/master/nightly/2023/4/23.yaml
  original: nightly-2023-04-23
