# This file was autogenerated by Stack.
# You should not edit this file by hand.
# For more information, please see the documentation at:
#   https://docs.haskellstack.org/en/stable/lock_files

packages: []
snapshots:
- completed:
    sha256: bbe432b2abd6d866aa37f65a8129a5f858b7c6eaae9464f8bc2814ce92ac2d15
    size: 573163
    url: https://raw.githubusercontent.com/commercialhaskell/stackage-snapshots/master/nightly/2022/12/26.yaml
  original: nightly-2022-12-26
